
Microsoft Visual Studio Solution File, Format Version 12.00
# Visual Studio Version 16
VisualStudioVersion = 16.0.29424.173
MinimumVisualStudioVersion = 10.0.40219.1
Project("{FAE04EC0-301F-11D3-BF4B-00C04F79EFBC}") = "ExaminationSystemLibrary", "ExaminationSystemLibrary\ExaminationSystemLibrary.csproj", "{24840189-D8E2-4AA8-99AC-ED7F76AA32DE}"
EndProject
Project("{FAE04EC0-301F-11D3-BF4B-00C04F79EFBC}") = "ExaminationSystemUI", "ExaminationSystemUI\ExaminationSystemUI.csproj", "{6056ED1F-CC9E-4B00-80BB-0000A6A0595C}"
EndProject
Global
	GlobalSection(SolutionConfigurationPlatforms) = preSolution
		Debug|Any CPU = Debug|Any CPU
		Release|Any CPU = Release|Any CPU
	EndGlobalSection
	GlobalSection(ProjectConfigurationPlatforms) = postSolution
		{24840189-D8E2-4AA8-99AC-ED7F76AA32DE}.Debug|Any CPU.ActiveCfg = Debug|Any CPU
		{24840189-D8E2-4AA8-99AC-ED7F76AA32DE}.Debug|Any CPU.Build.0 = Debug|Any CPU
		{24840189-D8E2-4AA8-99AC-ED7F76AA32DE}.Release|Any CPU.ActiveCfg = Release|Any CPU
		{24840189-D8E2-4AA8-99AC-ED7F76AA32DE}.Release|Any CPU.Build.0 = Release|Any CPU
		{6056ED1F-CC9E-4B00-80BB-0000A6A0595C}.Debug|Any CPU.ActiveCfg = Debug|Any CPU
		{6056ED1F-CC9E-4B00-80BB-0000A6A0595C}.Debug|Any CPU.Build.0 = Debug|Any CPU
		{6056ED1F-CC9E-4B00-80BB-0000A6A0595C}.Release|Any CPU.ActiveCfg = Release|Any CPU
		{6056ED1F-CC9E-4B00-80BB-0000A6A0595C}.Release|Any CPU.Build.0 = Release|Any CPU
	EndGlobalSection
	GlobalSection(SolutionProperties) = preSolution
		HideSolutionNode = FALSE
	EndGlobalSection
	GlobalSection(ExtensibilityGlobals) = postSolution
		SolutionGuid = {2F8D3D94-5245-4693-B916-0B9B941BA438}
	EndGlobalSection
EndGlobal
